// !$*UTF8*$!
{
	archiveVersion = 1;
	classes = {
	};
	objectVersion = 70;
	objects = {

/* Begin PBXBuildFile section */
		C1C8B24726F3FB9C008D6B1B /* HealthKit.framework in Frameworks */ = {isa = PBXBuildFile; fileRef = C1C8B24626F3FB9C008D6B1B /* HealthKit.framework */; };
		C1C8B24926F3FBA3008D6B1B /* HealthKitUI.framework in Frameworks */ = {isa = PBXBuildFile; fileRef = C1C8B24826F3FBA3008D6B1B /* HealthKitUI.framework */; };
		ED07571F29CA65FC00141AD4 /* FirebaseAnalytics in Frameworks */ = {isa = PBXBuildFile; productRef = ED07571E29CA65FC00141AD4 /* FirebaseAnalytics */; };
		ED07572329CA65FC00141AD4 /* FirebaseAuth in Frameworks */ = {isa = PBXBuildFile; productRef = ED07572229CA65FC00141AD4 /* FirebaseAuth */; };
		ED07572729CA65FC00141AD4 /* FirebaseCrashlytics in Frameworks */ = {isa = PBXBuildFile; productRef = ED07572629CA65FC00141AD4 /* FirebaseCrashlytics */; };
		ED07572929CA65FC00141AD4 /* FirebaseFirestore in Frameworks */ = {isa = PBXBuildFile; productRef = ED07572829CA65FC00141AD4 /* FirebaseFirestore */; };
		ED07572F29CA65FC00141AD4 /* FirebaseFunctions in Frameworks */ = {isa = PBXBuildFile; productRef = ED07572E29CA65FC00141AD4 /* FirebaseFunctions */; };
		ED07573329CA65FC00141AD4 /* FirebaseMessaging in Frameworks */ = {isa = PBXBuildFile; productRef = ED07573229CA65FC00141AD4 /* FirebaseMessaging */; };
		ED07573529CA65FC00141AD4 /* FirebaseStorage in Frameworks */ = {isa = PBXBuildFile; productRef = ED07573429CA65FC00141AD4 /* FirebaseStorage */; };
		ED0E500A2B83F44E003BE7CB /* FirebaseAuth in Frameworks */ = {isa = PBXBuildFile; productRef = ED0E50092B83F44E003BE7CB /* FirebaseAuth */; };
		ED0E500E2B84198E003BE7CB /* FCKitMocks in Frameworks */ = {isa = PBXBuildFile; productRef = ED0E500D2B84198E003BE7CB /* FCKitMocks */; };
		ED1A95AF2B788D11006D2B71 /* WidgetKit.framework in Frameworks */ = {isa = PBXBuildFile; fileRef = ED1A95AE2B788D11006D2B71 /* WidgetKit.framework */; };
		ED1A95B12B788D11006D2B71 /* SwiftUI.framework in Frameworks */ = {isa = PBXBuildFile; fileRef = ED1A95B02B788D11006D2B71 /* SwiftUI.framework */; };
		ED1A95C02B788D12006D2B71 /* FriendlyCompetitionsWidgets.appex in Embed Foundation Extensions */ = {isa = PBXBuildFile; fileRef = ED1A95AD2B788D11006D2B71 /* FriendlyCompetitionsWidgets.appex */; settings = {ATTRIBUTES = (RemoveHeadersOnCopy, ); }; };
		ED25A6602B83CBCE004D9AB5 /* FCKit in Frameworks */ = {isa = PBXBuildFile; productRef = ED25A65F2B83CBCE004D9AB5 /* FCKit */; };
		ED25A6622B83CC09004D9AB5 /* FCKit in Frameworks */ = {isa = PBXBuildFile; productRef = ED25A6612B83CC09004D9AB5 /* FCKit */; };
		ED31825A29899E640091EE8C /* AlgoliaSearchClient in Frameworks */ = {isa = PBXBuildFile; productRef = ED31825929899E640091EE8C /* AlgoliaSearchClient */; };
		ED3983AD2A1F098800279929 /* FirebaseRemoteConfig in Frameworks */ = {isa = PBXBuildFile; productRef = ED3983AC2A1F098800279929 /* FirebaseRemoteConfig */; };
		ED3EAB7729E746B90047C43E /* FirebasePerformance in Frameworks */ = {isa = PBXBuildFile; productRef = ED3EAB7629E746B90047C43E /* FirebasePerformance */; };
		ED4368A02C8EA16E002DE7AD /* BrightroomEngine in Frameworks */ = {isa = PBXBuildFile; productRef = ED43689F2C8EA16E002DE7AD /* BrightroomEngine */; };
		ED4368A22C8EA16E002DE7AD /* BrightroomUI in Frameworks */ = {isa = PBXBuildFile; productRef = ED4368A12C8EA16E002DE7AD /* BrightroomUI */; };
		ED493E9727FDE47300A94F4A /* AuthenticationServices.framework in Frameworks */ = {isa = PBXBuildFile; fileRef = ED493E9627FDE47300A94F4A /* AuthenticationServices.framework */; };
		ED848FD82AD223B500D6E848 /* FirebaseAppCheck in Frameworks */ = {isa = PBXBuildFile; productRef = ED848FD72AD223B500D6E848 /* FirebaseAppCheck */; };
		ED879C1529A19A9B0007DB91 /* CombineSchedulers in Frameworks */ = {isa = PBXBuildFile; productRef = ED879C1429A19A9B0007DB91 /* CombineSchedulers */; };
		ED879C1829A1CC8D0007DB91 /* Factory in Frameworks */ = {isa = PBXBuildFile; productRef = ED879C1729A1CC8D0007DB91 /* Factory */; };
		ED879C2629A408470007DB91 /* Algorithms in Frameworks */ = {isa = PBXBuildFile; productRef = ED879C2529A408470007DB91 /* Algorithms */; };
		ED8B1E642C8BE98B000B3CFA /* FirebaseAuthCombine-Community in Frameworks */ = {isa = PBXBuildFile; productRef = ED8B1E632C8BE98B000B3CFA /* FirebaseAuthCombine-Community */; };
		ED8B1E662C8BE9C0000B3CFA /* FirebaseStorageCombine-Community in Frameworks */ = {isa = PBXBuildFile; productRef = ED8B1E652C8BE9C0000B3CFA /* FirebaseStorageCombine-Community */; };
		ED8B1E682C8BE9DA000B3CFA /* FirebaseFunctionsCombine-Community in Frameworks */ = {isa = PBXBuildFile; productRef = ED8B1E672C8BE9DA000B3CFA /* FirebaseFunctionsCombine-Community */; };
		ED8C324C2911BFD300339988 /* ECKit in Frameworks */ = {isa = PBXBuildFile; productRef = ED8C324B2911BFD300339988 /* ECKit */; };
		EDC909162B77F58D005FEFC5 /* GoogleMobileAds in Frameworks */ = {isa = PBXBuildFile; productRef = EDC909152B77F58D005FEFC5 /* GoogleMobileAds */; };
		EDE060BC2B88CF9B008E519D /* ECNetworking in Frameworks */ = {isa = PBXBuildFile; productRef = EDE060BB2B88CF9B008E519D /* ECNetworking */; };
/* End PBXBuildFile section */

/* Begin PBXContainerItemProxy section */
		C155CA5B27AB989D005F49F4 /* PBXContainerItemProxy */ = {
			isa = PBXContainerItemProxy;
			containerPortal = C1691DBB26D55FCF006FFA30 /* Project object */;
			proxyType = 1;
			remoteGlobalIDString = C1691DC226D55FCF006FFA30;
			remoteInfo = "Friendly Competitions";
		};
		ED1A95BE2B788D12006D2B71 /* PBXContainerItemProxy */ = {
			isa = PBXContainerItemProxy;
			containerPortal = C1691DBB26D55FCF006FFA30 /* Project object */;
			proxyType = 1;
			remoteGlobalIDString = ED1A95AC2B788D11006D2B71;
			remoteInfo = FriendlyCompetitionsWidgetsExtension;
		};
/* End PBXContainerItemProxy section */

/* Begin PBXCopyFilesBuildPhase section */
		ED1A95C12B788D12006D2B71 /* Embed Foundation Extensions */ = {
			isa = PBXCopyFilesBuildPhase;
			buildActionMask = 12;
			dstPath = "";
			dstSubfolderSpec = 13;
			files = (
				ED1A95C02B788D12006D2B71 /* FriendlyCompetitionsWidgets.appex in Embed Foundation Extensions */,
			);
			name = "Embed Foundation Extensions";
			runOnlyForDeploymentPostprocessing = 0;
		};
/* End PBXCopyFilesBuildPhase section */

/* Begin PBXFileReference section */
		C155CA5727AB989D005F49F4 /* FriendlyCompetitionsTests.xctest */ = {isa = PBXFileReference; explicitFileType = wrapper.cfbundle; includeInIndex = 0; path = FriendlyCompetitionsTests.xctest; sourceTree = BUILT_PRODUCTS_DIR; };
		C1691DC326D55FCF006FFA30 /* FriendlyCompetitions.app */ = {isa = PBXFileReference; explicitFileType = wrapper.application; includeInIndex = 0; path = FriendlyCompetitions.app; sourceTree = BUILT_PRODUCTS_DIR; };
		C1C8B24626F3FB9C008D6B1B /* HealthKit.framework */ = {isa = PBXFileReference; lastKnownFileType = wrapper.framework; name = HealthKit.framework; path = System/Library/Frameworks/HealthKit.framework; sourceTree = SDKROOT; };
		C1C8B24826F3FBA3008D6B1B /* HealthKitUI.framework */ = {isa = PBXFileReference; lastKnownFileType = wrapper.framework; name = HealthKitUI.framework; path = System/Library/Frameworks/HealthKitUI.framework; sourceTree = SDKROOT; };
		ED1A95AD2B788D11006D2B71 /* FriendlyCompetitionsWidgets.appex */ = {isa = PBXFileReference; explicitFileType = "wrapper.app-extension"; includeInIndex = 0; path = FriendlyCompetitionsWidgets.appex; sourceTree = BUILT_PRODUCTS_DIR; };
		ED1A95AE2B788D11006D2B71 /* WidgetKit.framework */ = {isa = PBXFileReference; lastKnownFileType = wrapper.framework; name = WidgetKit.framework; path = System/Library/Frameworks/WidgetKit.framework; sourceTree = SDKROOT; };
		ED1A95B02B788D11006D2B71 /* SwiftUI.framework */ = {isa = PBXFileReference; lastKnownFileType = wrapper.framework; name = SwiftUI.framework; path = System/Library/Frameworks/SwiftUI.framework; sourceTree = SDKROOT; };
		ED25A65E2B83CB94004D9AB5 /* FCKit */ = {isa = PBXFileReference; lastKnownFileType = wrapper; path = FCKit; sourceTree = "<group>"; };
		ED493E9627FDE47300A94F4A /* AuthenticationServices.framework */ = {isa = PBXFileReference; lastKnownFileType = wrapper.framework; name = AuthenticationServices.framework; path = System/Library/Frameworks/AuthenticationServices.framework; sourceTree = SDKROOT; };
		EDA035CD2918619C0091E7A6 /* StoreKit.framework */ = {isa = PBXFileReference; lastKnownFileType = wrapper.framework; name = StoreKit.framework; path = System/Library/Frameworks/StoreKit.framework; sourceTree = SDKROOT; };
/* End PBXFileReference section */

/* Begin PBXFileSystemSynchronizedBuildFileExceptionSet section */
		ED300B342CD7A86C000CBA28 /* PBXFileSystemSynchronizedBuildFileExceptionSet */ = {
			isa = PBXFileSystemSynchronizedBuildFileExceptionSet;
			membershipExceptions = (
				"Firebase/Debug/GoogleService-Info.plist",
				"Firebase/Release/GoogleService-Info.plist",
				Info.plist,
			);
			target = C1691DC226D55FCF006FFA30 /* FriendlyCompetitions */;
		};
		ED300B352CD7A8CD000CBA28 /* PBXFileSystemSynchronizedBuildFileExceptionSet */ = {
			isa = PBXFileSystemSynchronizedBuildFileExceptionSet;
			membershipExceptions = (
				Info.plist,
			);
			target = ED1A95AC2B788D11006D2B71 /* FriendlyCompetitionsWidgets */;
		};
/* End PBXFileSystemSynchronizedBuildFileExceptionSet section */

/* Begin PBXFileSystemSynchronizedRootGroup section */
		ED3009CC2CD67BAE000CBA28 /* FriendlyCompetitions */ = {isa = PBXFileSystemSynchronizedRootGroup; exceptions = (ED300B342CD7A86C000CBA28 /* PBXFileSystemSynchronizedBuildFileExceptionSet */, ); explicitFileTypes = {}; explicitFolders = (); path = FriendlyCompetitions; sourceTree = "<group>"; };
		ED300ADF2CD67BB9000CBA28 /* FriendlyCompetitionsTests */ = {isa = PBXFileSystemSynchronizedRootGroup; explicitFileTypes = {}; explicitFolders = (); path = FriendlyCompetitionsTests; sourceTree = "<group>"; };
		ED300B262CD67BC2000CBA28 /* FriendlyCompetitionsWidgets */ = {isa = PBXFileSystemSynchronizedRootGroup; exceptions = (ED300B352CD7A8CD000CBA28 /* PBXFileSystemSynchronizedBuildFileExceptionSet */, ); explicitFileTypes = {}; explicitFolders = (); path = FriendlyCompetitionsWidgets; sourceTree = "<group>"; };
/* End PBXFileSystemSynchronizedRootGroup section */

/* Begin PBXFrameworksBuildPhase section */
		C155CA5427AB989D005F49F4 /* Frameworks */ = {
			isa = PBXFrameworksBuildPhase;
			buildActionMask = 2147483647;
			files = (
			);
			runOnlyForDeploymentPostprocessing = 0;
		};
		C1691DC026D55FCF006FFA30 /* Frameworks */ = {
			isa = PBXFrameworksBuildPhase;
			buildActionMask = 2147483647;
			files = (
				ED879C2629A408470007DB91 /* Algorithms in Frameworks */,
				ED07572329CA65FC00141AD4 /* FirebaseAuth in Frameworks */,
				ED07573329CA65FC00141AD4 /* FirebaseMessaging in Frameworks */,
				ED4368A22C8EA16E002DE7AD /* BrightroomUI in Frameworks */,
				ED07573529CA65FC00141AD4 /* FirebaseStorage in Frameworks */,
				ED848FD82AD223B500D6E848 /* FirebaseAppCheck in Frameworks */,
				ED8B1E642C8BE98B000B3CFA /* FirebaseAuthCombine-Community in Frameworks */,
				C1C8B24726F3FB9C008D6B1B /* HealthKit.framework in Frameworks */,
				ED07572929CA65FC00141AD4 /* FirebaseFirestore in Frameworks */,
				ED3983AD2A1F098800279929 /* FirebaseRemoteConfig in Frameworks */,
				EDC909162B77F58D005FEFC5 /* GoogleMobileAds in Frameworks */,
				ED3EAB7729E746B90047C43E /* FirebasePerformance in Frameworks */,
				ED07571F29CA65FC00141AD4 /* FirebaseAnalytics in Frameworks */,
				C1C8B24926F3FBA3008D6B1B /* HealthKitUI.framework in Frameworks */,
				ED31825A29899E640091EE8C /* AlgoliaSearchClient in Frameworks */,
				ED25A6602B83CBCE004D9AB5 /* FCKit in Frameworks */,
				ED493E9727FDE47300A94F4A /* AuthenticationServices.framework in Frameworks */,
				ED879C1529A19A9B0007DB91 /* CombineSchedulers in Frameworks */,
				ED879C1829A1CC8D0007DB91 /* Factory in Frameworks */,
				ED07572F29CA65FC00141AD4 /* FirebaseFunctions in Frameworks */,
				ED8B1E682C8BE9DA000B3CFA /* FirebaseFunctionsCombine-Community in Frameworks */,
				ED07572729CA65FC00141AD4 /* FirebaseCrashlytics in Frameworks */,
				ED8B1E662C8BE9C0000B3CFA /* FirebaseStorageCombine-Community in Frameworks */,
				ED4368A02C8EA16E002DE7AD /* BrightroomEngine in Frameworks */,
				ED8C324C2911BFD300339988 /* ECKit in Frameworks */,
				ED0E500E2B84198E003BE7CB /* FCKitMocks in Frameworks */,
			);
			runOnlyForDeploymentPostprocessing = 0;
		};
		ED1A95AA2B788D11006D2B71 /* Frameworks */ = {
			isa = PBXFrameworksBuildPhase;
			buildActionMask = 2147483647;
			files = (
				ED1A95B12B788D11006D2B71 /* SwiftUI.framework in Frameworks */,
				ED0E500A2B83F44E003BE7CB /* FirebaseAuth in Frameworks */,
				ED25A6622B83CC09004D9AB5 /* FCKit in Frameworks */,
				ED1A95AF2B788D11006D2B71 /* WidgetKit.framework in Frameworks */,
				EDE060BC2B88CF9B008E519D /* ECNetworking in Frameworks */,
			);
			runOnlyForDeploymentPostprocessing = 0;
		};
/* End PBXFrameworksBuildPhase section */

/* Begin PBXGroup section */
		C1691DBA26D55FCF006FFA30 = {
			isa = PBXGroup;
			children = (
				ED3009CC2CD67BAE000CBA28 /* FriendlyCompetitions */,
				ED300B262CD67BC2000CBA28 /* FriendlyCompetitionsWidgets */,
				ED300ADF2CD67BB9000CBA28 /* FriendlyCompetitionsTests */,
				ED25A65E2B83CB94004D9AB5 /* FCKit */,
				C1691DC426D55FCF006FFA30 /* Products */,
				C1691DD526D56024006FFA30 /* Frameworks */,
			);
			sourceTree = "<group>";
		};
		C1691DC426D55FCF006FFA30 /* Products */ = {
			isa = PBXGroup;
			children = (
				C1691DC326D55FCF006FFA30 /* FriendlyCompetitions.app */,
				C155CA5727AB989D005F49F4 /* FriendlyCompetitionsTests.xctest */,
				ED1A95AD2B788D11006D2B71 /* FriendlyCompetitionsWidgets.appex */,
			);
			name = Products;
			sourceTree = "<group>";
		};
		C1691DD526D56024006FFA30 /* Frameworks */ = {
			isa = PBXGroup;
			children = (
				EDA035CD2918619C0091E7A6 /* StoreKit.framework */,
				ED493E9627FDE47300A94F4A /* AuthenticationServices.framework */,
				C1C8B24826F3FBA3008D6B1B /* HealthKitUI.framework */,
				C1C8B24626F3FB9C008D6B1B /* HealthKit.framework */,
				ED1A95AE2B788D11006D2B71 /* WidgetKit.framework */,
				ED1A95B02B788D11006D2B71 /* SwiftUI.framework */,
			);
			name = Frameworks;
			sourceTree = "<group>";
		};
/* End PBXGroup section */

/* Begin PBXNativeTarget section */
		C155CA5627AB989D005F49F4 /* FriendlyCompetitionsTests */ = {
			isa = PBXNativeTarget;
			buildConfigurationList = C155CA5D27AB989D005F49F4 /* Build configuration list for PBXNativeTarget "FriendlyCompetitionsTests" */;
			buildPhases = (
				C155CA5327AB989D005F49F4 /* Sources */,
				C155CA5427AB989D005F49F4 /* Frameworks */,
				C155CA5527AB989D005F49F4 /* Resources */,
			);
			buildRules = (
			);
			dependencies = (
				C155CA5C27AB989D005F49F4 /* PBXTargetDependency */,
			);
			fileSystemSynchronizedGroups = (
				ED300ADF2CD67BB9000CBA28 /* FriendlyCompetitionsTests */,
			);
			name = FriendlyCompetitionsTests;
			productName = "Friendly Competitions Tests";
			productReference = C155CA5727AB989D005F49F4 /* FriendlyCompetitionsTests.xctest */;
			productType = "com.apple.product-type.bundle.unit-test";
		};
		C1691DC226D55FCF006FFA30 /* FriendlyCompetitions */ = {
			isa = PBXNativeTarget;
			buildConfigurationList = C1691DD126D55FCF006FFA30 /* Build configuration list for PBXNativeTarget "FriendlyCompetitions" */;
			buildPhases = (
				ED4F722729C962D2007C5864 /* SwiftLint */,
				C10E5545272B46730053BBA6 /* SwiftGen */,
				ED3ED8F4284F936C00B5100F /* Sourcery */,
				C1691DBF26D55FCF006FFA30 /* Sources */,
				C1691DC026D55FCF006FFA30 /* Frameworks */,
				C1691DC126D55FCF006FFA30 /* Resources */,
				C1DB3B5C27AA0CF40074BED1 /* Copy GoogleService-Info.plist (App) */,
				ED1A95C12B788D12006D2B71 /* Embed Foundation Extensions */,
				EDA0E0C12994203400868AF1 /* Crashlytics */,
			);
			buildRules = (
			);
			dependencies = (
				ED1A95BF2B788D12006D2B71 /* PBXTargetDependency */,
			);
			fileSystemSynchronizedGroups = (
				ED3009CC2CD67BAE000CBA28 /* FriendlyCompetitions */,
			);
			name = FriendlyCompetitions;
			packageProductDependencies = (
				ED8C324B2911BFD300339988 /* ECKit */,
				ED31825929899E640091EE8C /* AlgoliaSearchClient */,
				ED879C1429A19A9B0007DB91 /* CombineSchedulers */,
				ED879C1729A1CC8D0007DB91 /* Factory */,
				ED879C2529A408470007DB91 /* Algorithms */,
				ED07571E29CA65FC00141AD4 /* FirebaseAnalytics */,
				ED07572229CA65FC00141AD4 /* FirebaseAuth */,
				ED07572629CA65FC00141AD4 /* FirebaseCrashlytics */,
				ED07572829CA65FC00141AD4 /* FirebaseFirestore */,
				ED07572E29CA65FC00141AD4 /* FirebaseFunctions */,
				ED07573229CA65FC00141AD4 /* FirebaseMessaging */,
				ED07573429CA65FC00141AD4 /* FirebaseStorage */,
				ED3EAB7629E746B90047C43E /* FirebasePerformance */,
				ED3983AC2A1F098800279929 /* FirebaseRemoteConfig */,
				ED848FD72AD223B500D6E848 /* FirebaseAppCheck */,
				EDC909152B77F58D005FEFC5 /* GoogleMobileAds */,
				ED25A65F2B83CBCE004D9AB5 /* FCKit */,
				ED0E500D2B84198E003BE7CB /* FCKitMocks */,
				ED8B1E632C8BE98B000B3CFA /* FirebaseAuthCombine-Community */,
				ED8B1E652C8BE9C0000B3CFA /* FirebaseStorageCombine-Community */,
				ED8B1E672C8BE9DA000B3CFA /* FirebaseFunctionsCombine-Community */,
				ED43689F2C8EA16E002DE7AD /* BrightroomEngine */,
				ED4368A12C8EA16E002DE7AD /* BrightroomUI */,
			);
			productName = CompyBoi;
			productReference = C1691DC326D55FCF006FFA30 /* FriendlyCompetitions.app */;
			productType = "com.apple.product-type.application";
		};
		ED1A95AC2B788D11006D2B71 /* FriendlyCompetitionsWidgets */ = {
			isa = PBXNativeTarget;
			buildConfigurationList = ED1A95C42B788D12006D2B71 /* Build configuration list for PBXNativeTarget "FriendlyCompetitionsWidgets" */;
			buildPhases = (
				ED1A95A92B788D11006D2B71 /* Sources */,
				ED1A95AA2B788D11006D2B71 /* Frameworks */,
				ED1A95AB2B788D11006D2B71 /* Resources */,
			);
			buildRules = (
			);
			dependencies = (
			);
			fileSystemSynchronizedGroups = (
				ED300B262CD67BC2000CBA28 /* FriendlyCompetitionsWidgets */,
			);
			name = FriendlyCompetitionsWidgets;
			packageProductDependencies = (
				ED25A6612B83CC09004D9AB5 /* FCKit */,
				ED0E50092B83F44E003BE7CB /* FirebaseAuth */,
				EDE060BB2B88CF9B008E519D /* ECNetworking */,
			);
			productName = FriendlyCompetitionsWidgetsExtension;
			productReference = ED1A95AD2B788D11006D2B71 /* FriendlyCompetitionsWidgets.appex */;
			productType = "com.apple.product-type.app-extension";
		};
/* End PBXNativeTarget section */

/* Begin PBXProject section */
		C1691DBB26D55FCF006FFA30 /* Project object */ = {
			isa = PBXProject;
			attributes = {
				BuildIndependentTargetsInParallel = 1;
				LastSwiftUpdateCheck = 1520;
				LastUpgradeCheck = 1300;
				TargetAttributes = {
					C155CA5627AB989D005F49F4 = {
						CreatedOnToolsVersion = 13.2.1;
						TestTargetID = C1691DC226D55FCF006FFA30;
					};
					C1691DC226D55FCF006FFA30 = {
						CreatedOnToolsVersion = 13.0;
					};
					ED1A95AC2B788D11006D2B71 = {
						CreatedOnToolsVersion = 15.2;
					};
				};
			};
			buildConfigurationList = C1691DBE26D55FCF006FFA30 /* Build configuration list for PBXProject "FriendlyCompetitions" */;
			compatibilityVersion = "Xcode 13.0";
			developmentRegion = en;
			hasScannedForEncodings = 0;
			knownRegions = (
				en,
				"fr-CA",
			);
			mainGroup = C1691DBA26D55FCF006FFA30;
			packageReferences = (
				ED74033A28FF7297005BD155 /* XCRemoteSwiftPackageReference "ECKit" */,
				ED31825829899E640091EE8C /* XCRemoteSwiftPackageReference "algoliasearch-client-swift" */,
				ED879C1329A19A9B0007DB91 /* XCRemoteSwiftPackageReference "combine-schedulers" */,
				ED879C1629A1CC8D0007DB91 /* XCRemoteSwiftPackageReference "Factory" */,
				ED879C2429A408470007DB91 /* XCRemoteSwiftPackageReference "swift-algorithms" */,
				ED07571D29CA65FC00141AD4 /* XCRemoteSwiftPackageReference "firebase-ios-sdk" */,
				EDC909142B77F58D005FEFC5 /* XCRemoteSwiftPackageReference "swift-package-manager-google-mobile-ads" */,
				EDE060BA2B88CF9B008E519D /* XCRemoteSwiftPackageReference "ECNetworking" */,
				ED43689E2C8E9E65002DE7AD /* XCRemoteSwiftPackageReference "Brightroom" */,
			);
			productRefGroup = C1691DC426D55FCF006FFA30 /* Products */;
			projectDirPath = "";
			projectRoot = "";
			targets = (
				C1691DC226D55FCF006FFA30 /* FriendlyCompetitions */,
				ED1A95AC2B788D11006D2B71 /* FriendlyCompetitionsWidgets */,
				C155CA5627AB989D005F49F4 /* FriendlyCompetitionsTests */,
			);
		};
/* End PBXProject section */

/* Begin PBXResourcesBuildPhase section */
		C155CA5527AB989D005F49F4 /* Resources */ = {
			isa = PBXResourcesBuildPhase;
			buildActionMask = 2147483647;
			files = (
			);
			runOnlyForDeploymentPostprocessing = 0;
		};
		C1691DC126D55FCF006FFA30 /* Resources */ = {
			isa = PBXResourcesBuildPhase;
			buildActionMask = 2147483647;
			files = (
			);
			runOnlyForDeploymentPostprocessing = 0;
		};
		ED1A95AB2B788D11006D2B71 /* Resources */ = {
			isa = PBXResourcesBuildPhase;
			buildActionMask = 2147483647;
			files = (
			);
			runOnlyForDeploymentPostprocessing = 0;
		};
/* End PBXResourcesBuildPhase section */

/* Begin PBXShellScriptBuildPhase section */
		C10E5545272B46730053BBA6 /* SwiftGen */ = {
			isa = PBXShellScriptBuildPhase;
			alwaysOutOfDate = 1;
			buildActionMask = 2147483647;
			files = (
			);
			inputFileListPaths = (
			);
			inputPaths = (
			);
			name = SwiftGen;
			outputFileListPaths = (
			);
			outputPaths = (
			);
			runOnlyForDeploymentPostprocessing = 0;
			shellPath = /bin/sh;
			shellScript = "if [ \"${ENABLE_PREVIEWS}\" = \"YES\" ]; then\n  echo \"Previews enabled, quitting to prevent 'preview paused'.\"\n  exit 0\nfi\n\nif which swiftgen > /dev/null; then\n  swiftgen\nelse\n  echo \"warning: SwiftGen not installed\"\nfi\n";
		};
		C1DB3B5C27AA0CF40074BED1 /* Copy GoogleService-Info.plist (App) */ = {
			isa = PBXShellScriptBuildPhase;
			alwaysOutOfDate = 1;
			buildActionMask = 2147483647;
			files = (
			);
			inputFileListPaths = (
			);
			inputPaths = (
			);
			name = "Copy GoogleService-Info.plist (App)";
			outputFileListPaths = (
			);
			outputPaths = (
			);
			runOnlyForDeploymentPostprocessing = 0;
			shellPath = /bin/sh;
			shellScript = "rsync -t -r \"${PROJECT_DIR}/FriendlyCompetitions/Firebase/${CONFIGURATION}/GoogleService-Info.plist\" \"${BUILT_PRODUCTS_DIR}/${PRODUCT_NAME}.app/GoogleService-Info.plist\"\nrsync -t -r \"${PROJECT_DIR}/FriendlyCompetitions/Firebase/${CONFIGURATION}/GoogleService-Info.plist\" \"${BUILT_PRODUCTS_DIR}/${PRODUCT_NAME}Widgets.appex/GoogleService-Info.plist\" \n\nif [ $? -ne 0 ]; then  \n  echo \"Error copying GoogleService-Info.plist into app\"\nelse\n  echo \"GoogleService-Info.plist copied successfully\"\nfi\n\nexit 0\n";
		};
		ED3ED8F4284F936C00B5100F /* Sourcery */ = {
			isa = PBXShellScriptBuildPhase;
			alwaysOutOfDate = 1;
			buildActionMask = 2147483647;
			files = (
			);
			inputFileListPaths = (
			);
			inputPaths = (
			);
			name = Sourcery;
			outputFileListPaths = (
			);
			outputPaths = (
			);
			runOnlyForDeploymentPostprocessing = 0;
			shellPath = /bin/sh;
			shellScript = "if [ \"${ENABLE_PREVIEWS}\" = \"YES\" ]; then\n  echo \"Previews enabled, quitting to prevent 'preview paused'.\"\n  exit 0\nfi\n\nif which sourcery > /dev/null; then\n  sourcery\nelse\n  echo \"warning: Sourcery not installed\"\nfi\n";
		};
		ED4F722729C962D2007C5864 /* SwiftLint */ = {
			isa = PBXShellScriptBuildPhase;
			alwaysOutOfDate = 1;
			buildActionMask = 2147483647;
			files = (
			);
			inputFileListPaths = (
			);
			inputPaths = (
			);
			name = SwiftLint;
			outputFileListPaths = (
			);
			outputPaths = (
			);
			runOnlyForDeploymentPostprocessing = 0;
			shellPath = /bin/sh;
			shellScript = "export PATH=\"$PATH:/opt/homebrew/bin\"\nif which swiftlint > /dev/null; then\n  swiftlint\nelse\n  echo \"warning: SwiftLint not installed\"\nfi\n";
		};
		EDA0E0C12994203400868AF1 /* Crashlytics */ = {
			isa = PBXShellScriptBuildPhase;
			alwaysOutOfDate = 1;
			buildActionMask = 2147483647;
			files = (
			);
			inputFileListPaths = (
			);
			inputPaths = (
				"${DWARF_DSYM_FOLDER_PATH}/${DWARF_DSYM_FILE_NAME}/Contents/Resources/DWARF/${TARGET_NAME}\n",
				"$(SRCROOT)/$(BUILT_PRODUCTS_DIR)/$(INFOPLIST_PATH)",
			);
			name = Crashlytics;
			outputFileListPaths = (
			);
			outputPaths = (
			);
			runOnlyForDeploymentPostprocessing = 0;
			shellPath = /bin/sh;
			shellScript = "# Type a script or drag a script file from your workspace to insert its path.\n# \"${BUILD_DIR%Build/*}/SourcePackages/checkouts/firebase-ios-sdk-xcframeworks/Sources/FirebaseCrashlytics/run\"\n\"${BUILD_DIR%Build/*}/SourcePackages/checkouts/firebase-ios-sdk/Crashlytics/run\"\n";
		};
/* End PBXShellScriptBuildPhase section */

/* Begin PBXSourcesBuildPhase section */
		C155CA5327AB989D005F49F4 /* Sources */ = {
			isa = PBXSourcesBuildPhase;
			buildActionMask = 2147483647;
			files = (
			);
			runOnlyForDeploymentPostprocessing = 0;
		};
		C1691DBF26D55FCF006FFA30 /* Sources */ = {
			isa = PBXSourcesBuildPhase;
			buildActionMask = 2147483647;
			files = (
			);
			runOnlyForDeploymentPostprocessing = 0;
		};
		ED1A95A92B788D11006D2B71 /* Sources */ = {
			isa = PBXSourcesBuildPhase;
			buildActionMask = 2147483647;
			files = (
			);
			runOnlyForDeploymentPostprocessing = 0;
		};
/* End PBXSourcesBuildPhase section */

/* Begin PBXTargetDependency section */
		C155CA5C27AB989D005F49F4 /* PBXTargetDependency */ = {
			isa = PBXTargetDependency;
			target = C1691DC226D55FCF006FFA30 /* FriendlyCompetitions */;
			targetProxy = C155CA5B27AB989D005F49F4 /* PBXContainerItemProxy */;
		};
		ED1A95BF2B788D12006D2B71 /* PBXTargetDependency */ = {
			isa = PBXTargetDependency;
			target = ED1A95AC2B788D11006D2B71 /* FriendlyCompetitionsWidgets */;
			targetProxy = ED1A95BE2B788D12006D2B71 /* PBXContainerItemProxy */;
		};
/* End PBXTargetDependency section */

/* Begin XCBuildConfiguration section */
		C155CA5E27AB989D005F49F4 /* Debug */ = {
			isa = XCBuildConfiguration;
			buildSettings = {
				BUNDLE_LOADER = "$(TEST_HOST)";
				CODE_SIGN_STYLE = Automatic;
				CURRENT_PROJECT_VERSION = 1;
				DEVELOPMENT_TEAM = HP22MNWU5C;
				GENERATE_INFOPLIST_FILE = YES;
				IPHONEOS_DEPLOYMENT_TARGET = 16.0;
				MARKETING_VERSION = 1.0.1;
				PRODUCT_BUNDLE_IDENTIFIER = "com.evancooper.Friendly-Competitions-Tests";
				PRODUCT_NAME = "$(TARGET_NAME)";
				SUPPORTED_PLATFORMS = "iphoneos iphonesimulator";
				SUPPORTS_MACCATALYST = NO;
				SUPPORTS_MAC_DESIGNED_FOR_IPHONE_IPAD = NO;
				SUPPORTS_XR_DESIGNED_FOR_IPHONE_IPAD = NO;
				SWIFT_EMIT_LOC_STRINGS = NO;
				SWIFT_VERSION = 5.0;
				TARGETED_DEVICE_FAMILY = 1;
				TEST_HOST = "$(BUILT_PRODUCTS_DIR)/FriendlyCompetitions.app/$(BUNDLE_EXECUTABLE_FOLDER_PATH)/FriendlyCompetitions";
			};
			name = Debug;
		};
		C155CA5F27AB989D005F49F4 /* Release */ = {
			isa = XCBuildConfiguration;
			buildSettings = {
				BUNDLE_LOADER = "$(TEST_HOST)";
				CODE_SIGN_STYLE = Automatic;
				CURRENT_PROJECT_VERSION = 1;
				DEVELOPMENT_TEAM = HP22MNWU5C;
				GENERATE_INFOPLIST_FILE = YES;
				IPHONEOS_DEPLOYMENT_TARGET = 16.0;
				MARKETING_VERSION = 1.0.1;
				PRODUCT_BUNDLE_IDENTIFIER = "com.evancooper.Friendly-Competitions-Tests";
				PRODUCT_NAME = "$(TARGET_NAME)";
				SUPPORTED_PLATFORMS = "iphoneos iphonesimulator";
				SUPPORTS_MACCATALYST = NO;
				SUPPORTS_MAC_DESIGNED_FOR_IPHONE_IPAD = NO;
				SUPPORTS_XR_DESIGNED_FOR_IPHONE_IPAD = NO;
				SWIFT_EMIT_LOC_STRINGS = NO;
				SWIFT_VERSION = 5.0;
				TARGETED_DEVICE_FAMILY = 1;
				TEST_HOST = "$(BUILT_PRODUCTS_DIR)/FriendlyCompetitions.app/$(BUNDLE_EXECUTABLE_FOLDER_PATH)/FriendlyCompetitions";
			};
			name = Release;
		};
		C1691DCF26D55FCF006FFA30 /* Debug */ = {
			isa = XCBuildConfiguration;
			buildSettings = {
				ALWAYS_SEARCH_USER_PATHS = NO;
				CLANG_ANALYZER_LOCALIZABILITY_NONLOCALIZED = YES;
				CLANG_ANALYZER_NONNULL = YES;
				CLANG_ANALYZER_NUMBER_OBJECT_CONVERSION = YES_AGGRESSIVE;
				CLANG_CXX_LANGUAGE_STANDARD = "gnu++17";
				CLANG_CXX_LIBRARY = "libc++";
				CLANG_ENABLE_MODULES = YES;
				CLANG_ENABLE_OBJC_ARC = YES;
				CLANG_ENABLE_OBJC_WEAK = YES;
				CLANG_WARN_BLOCK_CAPTURE_AUTORELEASING = YES;
				CLANG_WARN_BOOL_CONVERSION = YES;
				CLANG_WARN_COMMA = YES;
				CLANG_WARN_CONSTANT_CONVERSION = YES;
				CLANG_WARN_DEPRECATED_OBJC_IMPLEMENTATIONS = YES;
				CLANG_WARN_DIRECT_OBJC_ISA_USAGE = YES_ERROR;
				CLANG_WARN_DOCUMENTATION_COMMENTS = YES;
				CLANG_WARN_EMPTY_BODY = YES;
				CLANG_WARN_ENUM_CONVERSION = YES;
				CLANG_WARN_INFINITE_RECURSION = YES;
				CLANG_WARN_INT_CONVERSION = YES;
				CLANG_WARN_NON_LITERAL_NULL_CONVERSION = YES;
				CLANG_WARN_OBJC_IMPLICIT_RETAIN_SELF = YES;
				CLANG_WARN_OBJC_LITERAL_CONVERSION = YES;
				CLANG_WARN_OBJC_ROOT_CLASS = YES_ERROR;
				CLANG_WARN_QUOTED_INCLUDE_IN_FRAMEWORK_HEADER = YES;
				CLANG_WARN_RANGE_LOOP_ANALYSIS = YES;
				CLANG_WARN_STRICT_PROTOTYPES = YES;
				CLANG_WARN_SUSPICIOUS_MOVE = YES;
				CLANG_WARN_UNGUARDED_AVAILABILITY = YES_AGGRESSIVE;
				CLANG_WARN_UNREACHABLE_CODE = YES;
				CLANG_WARN__DUPLICATE_METHOD_MATCH = YES;
				COPY_PHASE_STRIP = NO;
				DEBUG_INFORMATION_FORMAT = dwarf;
				ENABLE_STRICT_OBJC_MSGSEND = YES;
				ENABLE_TESTABILITY = YES;
				GCC_C_LANGUAGE_STANDARD = gnu11;
				GCC_DYNAMIC_NO_PIC = NO;
				GCC_NO_COMMON_BLOCKS = YES;
				GCC_OPTIMIZATION_LEVEL = 0;
				GCC_PREPROCESSOR_DEFINITIONS = (
					"DEBUG=1",
					"$(inherited)",
				);
				GCC_WARN_64_TO_32_BIT_CONVERSION = YES;
				GCC_WARN_ABOUT_RETURN_TYPE = YES_ERROR;
				GCC_WARN_UNDECLARED_SELECTOR = YES;
				GCC_WARN_UNINITIALIZED_AUTOS = YES_AGGRESSIVE;
				GCC_WARN_UNUSED_FUNCTION = YES;
				GCC_WARN_UNUSED_VARIABLE = YES;
				IPHONEOS_DEPLOYMENT_TARGET = 16.0;
				MTL_ENABLE_DEBUG_INFO = INCLUDE_SOURCE;
				MTL_FAST_MATH = YES;
				ONLY_ACTIVE_ARCH = YES;
				SDKROOT = iphoneos;
				SWIFT_ACTIVE_COMPILATION_CONDITIONS = DEBUG;
				SWIFT_OPTIMIZATION_LEVEL = "-Onone";
			};
			name = Debug;
		};
		C1691DD026D55FCF006FFA30 /* Release */ = {
			isa = XCBuildConfiguration;
			buildSettings = {
				ALWAYS_SEARCH_USER_PATHS = NO;
				CLANG_ANALYZER_LOCALIZABILITY_NONLOCALIZED = YES;
				CLANG_ANALYZER_NONNULL = YES;
				CLANG_ANALYZER_NUMBER_OBJECT_CONVERSION = YES_AGGRESSIVE;
				CLANG_CXX_LANGUAGE_STANDARD = "gnu++17";
				CLANG_CXX_LIBRARY = "libc++";
				CLANG_ENABLE_MODULES = YES;
				CLANG_ENABLE_OBJC_ARC = YES;
				CLANG_ENABLE_OBJC_WEAK = YES;
				CLANG_WARN_BLOCK_CAPTURE_AUTORELEASING = YES;
				CLANG_WARN_BOOL_CONVERSION = YES;
				CLANG_WARN_COMMA = YES;
				CLANG_WARN_CONSTANT_CONVERSION = YES;
				CLANG_WARN_DEPRECATED_OBJC_IMPLEMENTATIONS = YES;
				CLANG_WARN_DIRECT_OBJC_ISA_USAGE = YES_ERROR;
				CLANG_WARN_DOCUMENTATION_COMMENTS = YES;
				CLANG_WARN_EMPTY_BODY = YES;
				CLANG_WARN_ENUM_CONVERSION = YES;
				CLANG_WARN_INFINITE_RECURSION = YES;
				CLANG_WARN_INT_CONVERSION = YES;
				CLANG_WARN_NON_LITERAL_NULL_CONVERSION = YES;
				CLANG_WARN_OBJC_IMPLICIT_RETAIN_SELF = YES;
				CLANG_WARN_OBJC_LITERAL_CONVERSION = YES;
				CLANG_WARN_OBJC_ROOT_CLASS = YES_ERROR;
				CLANG_WARN_QUOTED_INCLUDE_IN_FRAMEWORK_HEADER = YES;
				CLANG_WARN_RANGE_LOOP_ANALYSIS = YES;
				CLANG_WARN_STRICT_PROTOTYPES = YES;
				CLANG_WARN_SUSPICIOUS_MOVE = YES;
				CLANG_WARN_UNGUARDED_AVAILABILITY = YES_AGGRESSIVE;
				CLANG_WARN_UNREACHABLE_CODE = YES;
				CLANG_WARN__DUPLICATE_METHOD_MATCH = YES;
				COPY_PHASE_STRIP = NO;
				DEBUG_INFORMATION_FORMAT = "dwarf-with-dsym";
				ENABLE_NS_ASSERTIONS = NO;
				ENABLE_STRICT_OBJC_MSGSEND = YES;
				GCC_C_LANGUAGE_STANDARD = gnu11;
				GCC_NO_COMMON_BLOCKS = YES;
				GCC_PREPROCESSOR_DEFINITIONS = "RELEASE=1";
				GCC_WARN_64_TO_32_BIT_CONVERSION = YES;
				GCC_WARN_ABOUT_RETURN_TYPE = YES_ERROR;
				GCC_WARN_UNDECLARED_SELECTOR = YES;
				GCC_WARN_UNINITIALIZED_AUTOS = YES_AGGRESSIVE;
				GCC_WARN_UNUSED_FUNCTION = YES;
				GCC_WARN_UNUSED_VARIABLE = YES;
				IPHONEOS_DEPLOYMENT_TARGET = 16.0;
				MTL_ENABLE_DEBUG_INFO = NO;
				MTL_FAST_MATH = YES;
				SDKROOT = iphoneos;
				SWIFT_COMPILATION_MODE = wholemodule;
				SWIFT_OPTIMIZATION_LEVEL = "-O";
				VALIDATE_PRODUCT = YES;
			};
			name = Release;
		};
		C1691DD226D55FCF006FFA30 /* Debug */ = {
			isa = XCBuildConfiguration;
			buildSettings = {
				ASSETCATALOG_COMPILER_APPICON_NAME = AppIcon;
				ASSETCATALOG_COMPILER_GLOBAL_ACCENT_COLOR_NAME = AccentColor;
				CODE_SIGN_ENTITLEMENTS = FriendlyCompetitions/FriendlyCompetitions.entitlements;
				CODE_SIGN_IDENTITY = "iPhone Developer";
				CODE_SIGN_STYLE = Manual;
				CURRENT_PROJECT_VERSION = 1;
				DEBUG_INFORMATION_FORMAT = "dwarf-with-dsym";
				DEVELOPMENT_ASSET_PATHS = FriendlyCompetitions/PreviewContent;
				DEVELOPMENT_TEAM = HP22MNWU5C;
				"DEVELOPMENT_TEAM[sdk=iphoneos*]" = HP22MNWU5C;
				ENABLE_BITCODE = NO;
				ENABLE_PREVIEWS = YES;
				GENERATE_INFOPLIST_FILE = YES;
				INFOPLIST_FILE = FriendlyCompetitions/Info.plist;
				INFOPLIST_KEY_CFBundleDisplayName = "FC (DBG)";
				INFOPLIST_KEY_LSApplicationCategoryType = "public.app-category.healthcare-fitness";
				INFOPLIST_KEY_NSHealthClinicalHealthRecordsShareUsageDescription = "We need access to HealthKit so you can compete against your friends!";
				INFOPLIST_KEY_NSHealthShareUsageDescription = "We need access to HealthKit so you can compete against your friends!";
				INFOPLIST_KEY_NSHealthUpdateUsageDescription = "We need access to HealthKit so you can compete against your friends!";
				INFOPLIST_KEY_UIApplicationSceneManifest_Generation = YES;
				INFOPLIST_KEY_UIApplicationSupportsIndirectInputEvents = YES;
				INFOPLIST_KEY_UILaunchScreen_Generation = YES;
				INFOPLIST_KEY_UISupportedInterfaceOrientations = UIInterfaceOrientationPortrait;
				INFOPLIST_KEY_UISupportedInterfaceOrientations_iPad = "UIInterfaceOrientationPortrait UIInterfaceOrientationPortraitUpsideDown UIInterfaceOrientationLandscapeLeft UIInterfaceOrientationLandscapeRight";
				INFOPLIST_KEY_UISupportedInterfaceOrientations_iPhone = UIInterfaceOrientationPortrait;
				IPHONEOS_DEPLOYMENT_TARGET = 16.0;
				LD_RUNPATH_SEARCH_PATHS = (
					"$(inherited)",
					"@executable_path/Frameworks",
				);
				MARKETING_VERSION = 1.0.1;
				OTHER_LDFLAGS = (
					"$(inherited)",
					"-ObjC",
				);
				OTHER_SWIFT_FLAGS = "-Xfrontend -warn-long-expression-type-checking=200";
				PRODUCT_BUNDLE_IDENTIFIER = com.evancooper.FriendlyCompetitions.debug;
				PRODUCT_NAME = "$(TARGET_NAME)";
				PROVISIONING_PROFILE_SPECIFIER = "match Development com.evancooper.FriendlyCompetitions.debug";
				"PROVISIONING_PROFILE_SPECIFIER[sdk=iphoneos*]" = "match Development com.evancooper.FriendlyCompetitions.debug";
				SUPPORTED_PLATFORMS = "iphoneos iphonesimulator";
				SUPPORTS_MACCATALYST = NO;
				SUPPORTS_MAC_DESIGNED_FOR_IPHONE_IPAD = NO;
				SUPPORTS_XR_DESIGNED_FOR_IPHONE_IPAD = NO;
				SWIFT_EMIT_LOC_STRINGS = YES;
				SWIFT_VERSION = 5.0;
				TARGETED_DEVICE_FAMILY = 1;
			};
			name = Debug;
		};
		C1691DD326D55FCF006FFA30 /* Release */ = {
			isa = XCBuildConfiguration;
			buildSettings = {
				ASSETCATALOG_COMPILER_APPICON_NAME = AppIcon;
				ASSETCATALOG_COMPILER_GLOBAL_ACCENT_COLOR_NAME = AccentColor;
				CODE_SIGN_ENTITLEMENTS = FriendlyCompetitions/FriendlyCompetitions.entitlements;
				CODE_SIGN_IDENTITY = "iPhone Distribution";
				"CODE_SIGN_IDENTITY[sdk=iphoneos*]" = "iPhone Distribution";
				CODE_SIGN_STYLE = Manual;
				CURRENT_PROJECT_VERSION = 1;
				DEVELOPMENT_ASSET_PATHS = FriendlyCompetitions/PreviewContent;
				DEVELOPMENT_TEAM = HP22MNWU5C;
				"DEVELOPMENT_TEAM[sdk=iphoneos*]" = HP22MNWU5C;
				ENABLE_BITCODE = NO;
				ENABLE_PREVIEWS = YES;
				GENERATE_INFOPLIST_FILE = YES;
				INFOPLIST_FILE = FriendlyCompetitions/Info.plist;
				INFOPLIST_KEY_CFBundleDisplayName = Competitions;
				INFOPLIST_KEY_LSApplicationCategoryType = "public.app-category.healthcare-fitness";
				INFOPLIST_KEY_NSHealthClinicalHealthRecordsShareUsageDescription = "We need access to HealthKit so you can compete against your friends!";
				INFOPLIST_KEY_NSHealthShareUsageDescription = "We need access to HealthKit so you can compete against your friends!";
				INFOPLIST_KEY_NSHealthUpdateUsageDescription = "We need access to HealthKit so you can compete against your friends!";
				INFOPLIST_KEY_UIApplicationSceneManifest_Generation = YES;
				INFOPLIST_KEY_UIApplicationSupportsIndirectInputEvents = YES;
				INFOPLIST_KEY_UILaunchScreen_Generation = YES;
				INFOPLIST_KEY_UISupportedInterfaceOrientations = UIInterfaceOrientationPortrait;
				INFOPLIST_KEY_UISupportedInterfaceOrientations_iPad = "UIInterfaceOrientationPortrait UIInterfaceOrientationPortraitUpsideDown UIInterfaceOrientationLandscapeLeft UIInterfaceOrientationLandscapeRight";
				INFOPLIST_KEY_UISupportedInterfaceOrientations_iPhone = UIInterfaceOrientationPortrait;
				IPHONEOS_DEPLOYMENT_TARGET = 16.0;
				LD_RUNPATH_SEARCH_PATHS = (
					"$(inherited)",
					"@executable_path/Frameworks",
				);
				MARKETING_VERSION = 1.0.1;
				OTHER_LDFLAGS = (
					"$(inherited)",
					"-ObjC",
				);
				OTHER_SWIFT_FLAGS = "-Xfrontend -warn-long-expression-type-checking=200";
				PRODUCT_BUNDLE_IDENTIFIER = com.evancooper.FriendlyCompetitions;
				PRODUCT_NAME = "$(TARGET_NAME)";
				PROVISIONING_PROFILE_SPECIFIER = "match AppStore com.evancooper.FriendlyCompetitions";
				"PROVISIONING_PROFILE_SPECIFIER[sdk=iphoneos*]" = "match AppStore com.evancooper.FriendlyCompetitions";
				SUPPORTED_PLATFORMS = "iphoneos iphonesimulator";
				SUPPORTS_MACCATALYST = NO;
				SUPPORTS_MAC_DESIGNED_FOR_IPHONE_IPAD = NO;
				SUPPORTS_XR_DESIGNED_FOR_IPHONE_IPAD = NO;
				SWIFT_EMIT_LOC_STRINGS = YES;
				SWIFT_VERSION = 5.0;
				TARGETED_DEVICE_FAMILY = 1;
			};
			name = Release;
		};
		ED1A95C22B788D12006D2B71 /* Debug */ = {
			isa = XCBuildConfiguration;
			buildSettings = {
				ASSETCATALOG_COMPILER_GENERATE_SWIFT_ASSET_SYMBOL_EXTENSIONS = YES;
				ASSETCATALOG_COMPILER_GLOBAL_ACCENT_COLOR_NAME = AccentColor;
				ASSETCATALOG_COMPILER_WIDGET_BACKGROUND_COLOR_NAME = WidgetBackground;
				CLANG_CXX_LANGUAGE_STANDARD = "gnu++20";
				CODE_SIGN_ENTITLEMENTS = FriendlyCompetitionsWidgets/FriendlyCompetitionsWidgetsExtension.entitlements;
				CODE_SIGN_IDENTITY = "iPhone Developer";
				CODE_SIGN_STYLE = Manual;
				CURRENT_PROJECT_VERSION = 1;
				DEVELOPMENT_TEAM = "";
				"DEVELOPMENT_TEAM[sdk=iphoneos*]" = HP22MNWU5C;
				ENABLE_USER_SCRIPT_SANDBOXING = YES;
				GCC_C_LANGUAGE_STANDARD = gnu17;
				GENERATE_INFOPLIST_FILE = YES;
				INFOPLIST_FILE = FriendlyCompetitionsWidgets/Info.plist;
				INFOPLIST_KEY_CFBundleDisplayName = FriendlyCompetitionsWidgets;
				INFOPLIST_KEY_NSHumanReadableCopyright = "";
				IPHONEOS_DEPLOYMENT_TARGET = 17.0;
				LD_RUNPATH_SEARCH_PATHS = (
					"$(inherited)",
					"@executable_path/Frameworks",
					"@executable_path/../../Frameworks",
				);
				LOCALIZATION_PREFERS_STRING_CATALOGS = YES;
				MARKETING_VERSION = 1.0.1;
				PRODUCT_BUNDLE_IDENTIFIER = com.evancooper.FriendlyCompetitions.debug.FriendlyCompetitionsWidgets;
				PRODUCT_NAME = "$(TARGET_NAME)";
				PROVISIONING_PROFILE_SPECIFIER = "";
				"PROVISIONING_PROFILE_SPECIFIER[sdk=iphoneos*]" = "match Development com.evancooper.FriendlyCompetitions.debug.FriendlyCompetitionsWidgets";
				SKIP_INSTALL = YES;
				SWIFT_ACTIVE_COMPILATION_CONDITIONS = "DEBUG $(inherited)";
				SWIFT_EMIT_LOC_STRINGS = YES;
				SWIFT_VERSION = 5.0;
				TARGETED_DEVICE_FAMILY = "1,2";
			};
			name = Debug;
		};
		ED1A95C32B788D12006D2B71 /* Release */ = {
			isa = XCBuildConfiguration;
			buildSettings = {
				ASSETCATALOG_COMPILER_GENERATE_SWIFT_ASSET_SYMBOL_EXTENSIONS = YES;
				ASSETCATALOG_COMPILER_GLOBAL_ACCENT_COLOR_NAME = AccentColor;
				ASSETCATALOG_COMPILER_WIDGET_BACKGROUND_COLOR_NAME = WidgetBackground;
				CLANG_CXX_LANGUAGE_STANDARD = "gnu++20";
				CODE_SIGN_ENTITLEMENTS = FriendlyCompetitionsWidgets/FriendlyCompetitionsWidgetsExtension.entitlements;
				CODE_SIGN_IDENTITY = "iPhone Distribution";
				"CODE_SIGN_IDENTITY[sdk=iphoneos*]" = "iPhone Distribution";
				CODE_SIGN_STYLE = Manual;
				CURRENT_PROJECT_VERSION = 1;
				DEVELOPMENT_TEAM = "";
				"DEVELOPMENT_TEAM[sdk=iphoneos*]" = HP22MNWU5C;
				ENABLE_USER_SCRIPT_SANDBOXING = YES;
				GCC_C_LANGUAGE_STANDARD = gnu17;
				GENERATE_INFOPLIST_FILE = YES;
				INFOPLIST_FILE = FriendlyCompetitionsWidgets/Info.plist;
				INFOPLIST_KEY_CFBundleDisplayName = FriendlyCompetitionsWidgets;
				INFOPLIST_KEY_NSHumanReadableCopyright = "";
				IPHONEOS_DEPLOYMENT_TARGET = 17.0;
				LD_RUNPATH_SEARCH_PATHS = (
					"$(inherited)",
					"@executable_path/Frameworks",
					"@executable_path/../../Frameworks",
				);
				LOCALIZATION_PREFERS_STRING_CATALOGS = YES;
				MARKETING_VERSION = 1.0.1;
				PRODUCT_BUNDLE_IDENTIFIER = com.evancooper.FriendlyCompetitions.FriendlyCompetitionsWidgets;
				PRODUCT_NAME = "$(TARGET_NAME)";
				PROVISIONING_PROFILE_SPECIFIER = "";
				"PROVISIONING_PROFILE_SPECIFIER[sdk=iphoneos*]" = "match AppStore com.evancooper.FriendlyCompetitions.FriendlyCompetitionsWidgets";
				SKIP_INSTALL = YES;
				SWIFT_EMIT_LOC_STRINGS = YES;
				SWIFT_VERSION = 5.0;
				TARGETED_DEVICE_FAMILY = "1,2";
			};
			name = Release;
		};
/* End XCBuildConfiguration section */

/* Begin XCConfigurationList section */
		C155CA5D27AB989D005F49F4 /* Build configuration list for PBXNativeTarget "FriendlyCompetitionsTests" */ = {
			isa = XCConfigurationList;
			buildConfigurations = (
				C155CA5E27AB989D005F49F4 /* Debug */,
				C155CA5F27AB989D005F49F4 /* Release */,
			);
			defaultConfigurationIsVisible = 0;
			defaultConfigurationName = Release;
		};
		C1691DBE26D55FCF006FFA30 /* Build configuration list for PBXProject "FriendlyCompetitions" */ = {
			isa = XCConfigurationList;
			buildConfigurations = (
				C1691DCF26D55FCF006FFA30 /* Debug */,
				C1691DD026D55FCF006FFA30 /* Release */,
			);
			defaultConfigurationIsVisible = 0;
			defaultConfigurationName = Release;
		};
		C1691DD126D55FCF006FFA30 /* Build configuration list for PBXNativeTarget "FriendlyCompetitions" */ = {
			isa = XCConfigurationList;
			buildConfigurations = (
				C1691DD226D55FCF006FFA30 /* Debug */,
				C1691DD326D55FCF006FFA30 /* Release */,
			);
			defaultConfigurationIsVisible = 0;
			defaultConfigurationName = Release;
		};
		ED1A95C42B788D12006D2B71 /* Build configuration list for PBXNativeTarget "FriendlyCompetitionsWidgets" */ = {
			isa = XCConfigurationList;
			buildConfigurations = (
				ED1A95C22B788D12006D2B71 /* Debug */,
				ED1A95C32B788D12006D2B71 /* Release */,
			);
			defaultConfigurationIsVisible = 0;
			defaultConfigurationName = Release;
		};
/* End XCConfigurationList section */

/* Begin XCRemoteSwiftPackageReference section */
		ED07571D29CA65FC00141AD4 /* XCRemoteSwiftPackageReference "firebase-ios-sdk" */ = {
			isa = XCRemoteSwiftPackageReference;
			repositoryURL = "https://github.com/firebase/firebase-ios-sdk";
			requirement = {
				kind = upToNextMajorVersion;
				minimumVersion = 11.0.0;
			};
		};
		ED31825829899E640091EE8C /* XCRemoteSwiftPackageReference "algoliasearch-client-swift" */ = {
			isa = XCRemoteSwiftPackageReference;
			repositoryURL = "https://github.com/algolia/algoliasearch-client-swift";
			requirement = {
				kind = upToNextMajorVersion;
				minimumVersion = 8.0.0;
			};
		};
		ED43689E2C8E9E65002DE7AD /* XCRemoteSwiftPackageReference "Brightroom" */ = {
			isa = XCRemoteSwiftPackageReference;
			repositoryURL = "https://github.com/FluidGroup/Brightroom";
			requirement = {
				kind = upToNextMajorVersion;
				minimumVersion = 2.10.1;
			};
		};
		ED74033A28FF7297005BD155 /* XCRemoteSwiftPackageReference "ECKit" */ = {
			isa = XCRemoteSwiftPackageReference;
			repositoryURL = "https://github.com/EvanCooper9/ECKit";
			requirement = {
				branch = main;
				kind = branch;
			};
		};
		ED879C1329A19A9B0007DB91 /* XCRemoteSwiftPackageReference "combine-schedulers" */ = {
			isa = XCRemoteSwiftPackageReference;
			repositoryURL = "https://github.com/pointfreeco/combine-schedulers";
			requirement = {
				kind = upToNextMajorVersion;
				minimumVersion = 1.0.0;
			};
		};
		ED879C1629A1CC8D0007DB91 /* XCRemoteSwiftPackageReference "Factory" */ = {
			isa = XCRemoteSwiftPackageReference;
			repositoryURL = "https://github.com/hmlongco/Factory";
			requirement = {
				kind = upToNextMajorVersion;
				minimumVersion = 2.0.0;
			};
		};
		ED879C2429A408470007DB91 /* XCRemoteSwiftPackageReference "swift-algorithms" */ = {
			isa = XCRemoteSwiftPackageReference;
			repositoryURL = "https://github.com/apple/swift-algorithms.git";
			requirement = {
				kind = upToNextMajorVersion;
				minimumVersion = 1.0.0;
			};
		};
		EDC909142B77F58D005FEFC5 /* XCRemoteSwiftPackageReference "swift-package-manager-google-mobile-ads" */ = {
			isa = XCRemoteSwiftPackageReference;
			repositoryURL = "https://github.com/googleads/swift-package-manager-google-mobile-ads.git";
			requirement = {
				kind = upToNextMajorVersion;
				minimumVersion = 11.0.1;
			};
		};
		EDE060BA2B88CF9B008E519D /* XCRemoteSwiftPackageReference "ECNetworking" */ = {
			isa = XCRemoteSwiftPackageReference;
			repositoryURL = "https://github.com/EvanCooper9/ECNetworking";
			requirement = {
				branch = main;
				kind = branch;
			};
		};
/* End XCRemoteSwiftPackageReference section */

/* Begin XCSwiftPackageProductDependency section */
		ED07571E29CA65FC00141AD4 /* FirebaseAnalytics */ = {
			isa = XCSwiftPackageProductDependency;
			package = ED07571D29CA65FC00141AD4 /* XCRemoteSwiftPackageReference "firebase-ios-sdk" */;
			productName = FirebaseAnalytics;
		};
		ED07572229CA65FC00141AD4 /* FirebaseAuth */ = {
			isa = XCSwiftPackageProductDependency;
			package = ED07571D29CA65FC00141AD4 /* XCRemoteSwiftPackageReference "firebase-ios-sdk" */;
			productName = FirebaseAuth;
		};
		ED07572629CA65FC00141AD4 /* FirebaseCrashlytics */ = {
			isa = XCSwiftPackageProductDependency;
			package = ED07571D29CA65FC00141AD4 /* XCRemoteSwiftPackageReference "firebase-ios-sdk" */;
			productName = FirebaseCrashlytics;
		};
		ED07572829CA65FC00141AD4 /* FirebaseFirestore */ = {
			isa = XCSwiftPackageProductDependency;
			package = ED07571D29CA65FC00141AD4 /* XCRemoteSwiftPackageReference "firebase-ios-sdk" */;
			productName = FirebaseFirestore;
		};
		ED07572E29CA65FC00141AD4 /* FirebaseFunctions */ = {
			isa = XCSwiftPackageProductDependency;
			package = ED07571D29CA65FC00141AD4 /* XCRemoteSwiftPackageReference "firebase-ios-sdk" */;
			productName = FirebaseFunctions;
		};
		ED07573229CA65FC00141AD4 /* FirebaseMessaging */ = {
			isa = XCSwiftPackageProductDependency;
			package = ED07571D29CA65FC00141AD4 /* XCRemoteSwiftPackageReference "firebase-ios-sdk" */;
			productName = FirebaseMessaging;
		};
		ED07573429CA65FC00141AD4 /* FirebaseStorage */ = {
			isa = XCSwiftPackageProductDependency;
			package = ED07571D29CA65FC00141AD4 /* XCRemoteSwiftPackageReference "firebase-ios-sdk" */;
			productName = FirebaseStorage;
		};
		ED0E50092B83F44E003BE7CB /* FirebaseAuth */ = {
			isa = XCSwiftPackageProductDependency;
			package = ED07571D29CA65FC00141AD4 /* XCRemoteSwiftPackageReference "firebase-ios-sdk" */;
			productName = FirebaseAuth;
		};
		ED0E500D2B84198E003BE7CB /* FCKitMocks */ = {
			isa = XCSwiftPackageProductDependency;
			productName = FCKitMocks;
		};
		ED25A65F2B83CBCE004D9AB5 /* FCKit */ = {
			isa = XCSwiftPackageProductDependency;
			productName = FCKit;
		};
		ED25A6612B83CC09004D9AB5 /* FCKit */ = {
			isa = XCSwiftPackageProductDependency;
			productName = FCKit;
		};
		ED31825929899E640091EE8C /* AlgoliaSearchClient */ = {
			isa = XCSwiftPackageProductDependency;
			package = ED31825829899E640091EE8C /* XCRemoteSwiftPackageReference "algoliasearch-client-swift" */;
			productName = AlgoliaSearchClient;
		};
		ED3983AC2A1F098800279929 /* FirebaseRemoteConfig */ = {
			isa = XCSwiftPackageProductDependency;
			package = ED07571D29CA65FC00141AD4 /* XCRemoteSwiftPackageReference "firebase-ios-sdk" */;
			productName = FirebaseRemoteConfig;
		};
		ED3EAB7629E746B90047C43E /* FirebasePerformance */ = {
			isa = XCSwiftPackageProductDependency;
			package = ED07571D29CA65FC00141AD4 /* XCRemoteSwiftPackageReference "firebase-ios-sdk" */;
			productName = FirebasePerformance;
		};
		ED43689F2C8EA16E002DE7AD /* BrightroomEngine */ = {
			isa = XCSwiftPackageProductDependency;
			package = ED43689E2C8E9E65002DE7AD /* XCRemoteSwiftPackageReference "Brightroom" */;
			productName = BrightroomEngine;
		};
		ED4368A12C8EA16E002DE7AD /* BrightroomUI */ = {
			isa = XCSwiftPackageProductDependency;
			package = ED43689E2C8E9E65002DE7AD /* XCRemoteSwiftPackageReference "Brightroom" */;
			productName = BrightroomUI;
		};
		ED848FD72AD223B500D6E848 /* FirebaseAppCheck */ = {
			isa = XCSwiftPackageProductDependency;
			package = ED07571D29CA65FC00141AD4 /* XCRemoteSwiftPackageReference "firebase-ios-sdk" */;
			productName = FirebaseAppCheck;
		};
		ED879C1429A19A9B0007DB91 /* CombineSchedulers */ = {
			isa = XCSwiftPackageProductDependency;
			package = ED879C1329A19A9B0007DB91 /* XCRemoteSwiftPackageReference "combine-schedulers" */;
			productName = CombineSchedulers;
		};
		ED879C1729A1CC8D0007DB91 /* Factory */ = {
			isa = XCSwiftPackageProductDependency;
			package = ED879C1629A1CC8D0007DB91 /* XCRemoteSwiftPackageReference "Factory" */;
			productName = Factory;
		};
		ED879C2529A408470007DB91 /* Algorithms */ = {
			isa = XCSwiftPackageProductDependency;
			package = ED879C2429A408470007DB91 /* XCRemoteSwiftPackageReference "swift-algorithms" */;
			productName = Algorithms;
		};
		ED8B1E632C8BE98B000B3CFA /* FirebaseAuthCombine-Community */ = {
			isa = XCSwiftPackageProductDependency;
			package = ED07571D29CA65FC00141AD4 /* XCRemoteSwiftPackageReference "firebase-ios-sdk" */;
			productName = "FirebaseAuthCombine-Community";
		};
		ED8B1E652C8BE9C0000B3CFA /* FirebaseStorageCombine-Community */ = {
			isa = XCSwiftPackageProductDependency;
			package = ED07571D29CA65FC00141AD4 /* XCRemoteSwiftPackageReference "firebase-ios-sdk" */;
			productName = "FirebaseStorageCombine-Community";
		};
		ED8B1E672C8BE9DA000B3CFA /* FirebaseFunctionsCombine-Community */ = {
			isa = XCSwiftPackageProductDependency;
			package = ED07571D29CA65FC00141AD4 /* XCRemoteSwiftPackageReference "firebase-ios-sdk" */;
			productName = "FirebaseFunctionsCombine-Community";
		};
		ED8C324B2911BFD300339988 /* ECKit */ = {
			isa = XCSwiftPackageProductDependency;
			package = ED74033A28FF7297005BD155 /* XCRemoteSwiftPackageReference "ECKit" */;
			productName = ECKit;
		};
		EDC909152B77F58D005FEFC5 /* GoogleMobileAds */ = {
			isa = XCSwiftPackageProductDependency;
			package = EDC909142B77F58D005FEFC5 /* XCRemoteSwiftPackageReference "swift-package-manager-google-mobile-ads" */;
			productName = GoogleMobileAds;
		};
		EDE060BB2B88CF9B008E519D /* ECNetworking */ = {
			isa = XCSwiftPackageProductDependency;
			package = EDE060BA2B88CF9B008E519D /* XCRemoteSwiftPackageReference "ECNetworking" */;
			productName = ECNetworking;
		};
/* End XCSwiftPackageProductDependency section */
	};
	rootObject = C1691DBB26D55FCF006FFA30 /* Project object */;
}
