{
  "pins" : [
    {
      "identity" : "abseil-cpp-binary",
      "kind" : "remoteSourceControl",
      "location" : "https://github.com/google/abseil-cpp-binary.git",
      "state" : {
        "revision" : "194a6706acbd25e4ef639bcaddea16e8758a3e27",
        "version" : "1.2024011602.0"
      }
    },
    {
      "identity" : "algoliasearch-client-swift",
      "kind" : "remoteSourceControl",
      "location" : "https://github.com/algolia/algoliasearch-client-swift",
      "state" : {
        "revision" : "4322ab2dc8cdb7acb6d06a019fd56f84dc998f25",
        "version" : "8.21.0"
      }
    },
    {
      "identity" : "app-check",
      "kind" : "remoteSourceControl",
      "location" : "https://github.com/google/app-check.git",
      "state" : {
        "revision" : "61b85103a1aeed8218f17c794687781505fbbef5",
        "version" : "11.2.0"
      }
    },
    {
      "identity" : "brightroom",
      "kind" : "remoteSourceControl",
      "location" : "https://github.com/FluidGroup/Brightroom",
      "state" : {
        "revision" : "b9f1f9b8144f0bd2d94d64f77f033fcf72c00260",
        "version" : "2.10.1"
      }
    },
    {
      "identity" : "combine-schedulers",
      "kind" : "remoteSourceControl",
      "location" : "https://github.com/pointfreeco/combine-schedulers",
      "state" : {
        "revision" : "5928286acce13def418ec36d05a001a9641086f2",
        "version" : "1.0.3"
      }
    },
    {
      "identity" : "combineext",
      "kind" : "remoteSourceControl",
      "location" : "https://github.com/CombineCommunity/CombineExt",
      "state" : {
        "revision" : "d7b896fa9ca8b47fa7bcde6b43ef9b70bf8c1f56",
        "version" : "1.8.1"
      }
    },
    {
      "identity" : "ecnetworking",
      "kind" : "remoteSourceControl",
      "location" : "https://github.com/EvanCooper9/ECNetworking",
      "state" : {
        "branch" : "main",
        "revision" : "fd127247aec1816973bdb86ec4383b065b13be0a"
      }
    },
    {
      "identity" : "factory",
      "kind" : "remoteSourceControl",
      "location" : "https://github.com/hmlongco/Factory",
      "state" : {
        "revision" : "fb04a8918848e413d3921d346a23bae7f81088d9",
        "version" : "2.4.3"
      }
    },
    {
      "identity" : "firebase-ios-sdk",
      "kind" : "remoteSourceControl",
      "location" : "https://github.com/firebase/firebase-ios-sdk",
      "state" : {
        "revision" : "2e02253fd1ce99145bcbf1bb367ccf61bd0ca46b",
        "version" : "11.6.0"
      }
    },
    {
      "identity" : "googleappmeasurement",
      "kind" : "remoteSourceControl",
      "location" : "https://github.com/google/GoogleAppMeasurement.git",
      "state" : {
        "revision" : "4f234bcbdae841d7015258fbbf8e7743a39b8200",
        "version" : "11.4.0"
      }
    },
    {
      "identity" : "googledatatransport",
      "kind" : "remoteSourceControl",
      "location" : "https://github.com/google/GoogleDataTransport.git",
      "state" : {
        "revision" : "617af071af9aa1d6a091d59a202910ac482128f9",
        "version" : "10.1.0"
      }
    },
    {
      "identity" : "googleutilities",
      "kind" : "remoteSourceControl",
      "location" : "https://github.com/google/GoogleUtilities.git",
      "state" : {
        "revision" : "53156c7ec267db846e6b64c9f4c4e31ba4cf75eb",
        "version" : "8.0.2"
      }
    },
    {
      "identity" : "grpc-binary",
      "kind" : "remoteSourceControl",
      "location" : "https://github.com/google/grpc-binary.git",
      "state" : {
        "revision" : "f56d8fc3162de9a498377c7b6cea43431f4f5083",
        "version" : "1.65.1"
      }
    },
    {
      "identity" : "gtm-session-fetcher",
      "kind" : "remoteSourceControl",
      "location" : "https://github.com/google/gtm-session-fetcher.git",
      "state" : {
        "revision" : "5cfe5f090c982de9c58605d2a82a4fc77b774fbd",
        "version" : "4.1.0"
      }
    },
    {
      "identity" : "interop-ios-for-google-sdks",
      "kind" : "remoteSourceControl",
      "location" : "https://github.com/google/interop-ios-for-google-sdks.git",
      "state" : {
        "revision" : "2d12673670417654f08f5f90fdd62926dc3a2648",
        "version" : "100.0.0"
      }
    },
    {
      "identity" : "leveldb",
      "kind" : "remoteSourceControl",
      "location" : "https://github.com/firebase/leveldb.git",
      "state" : {
        "revision" : "a0bc79961d7be727d258d33d5a6b2f1023270ba1",
        "version" : "1.22.5"
      }
    },
    {
      "identity" : "nanopb",
      "kind" : "remoteSourceControl",
      "location" : "https://github.com/firebase/nanopb.git",
      "state" : {
        "revision" : "b7e1104502eca3a213b46303391ca4d3bc8ddec1",
        "version" : "2.30910.0"
      }
    },
    {
      "identity" : "promises",
      "kind" : "remoteSourceControl",
      "location" : "https://github.com/google/promises.git",
      "state" : {
        "revision" : "540318ecedd63d883069ae7f1ed811a2df00b6ac",
        "version" : "2.4.0"
      }
    },
    {
      "identity" : "rxswift",
      "kind" : "remoteSourceControl",
      "location" : "https://github.com/ReactiveX/RxSwift.git",
      "state" : {
        "revision" : "c7c7d2cf50a3211fe2843f76869c698e4e417930",
        "version" : "6.8.0"
      }
    },
    {
      "identity" : "swift-algorithms",
      "kind" : "remoteSourceControl",
      "location" : "https://github.com/apple/swift-algorithms.git",
      "state" : {
        "revision" : "f6919dfc309e7f1b56224378b11e28bab5bccc42",
        "version" : "1.2.0"
      }
    },
    {
      "identity" : "swift-atomics",
      "kind" : "remoteSourceControl",
      "location" : "https://github.com/apple/swift-atomics.git",
      "state" : {
        "revision" : "cd142fd2f64be2100422d658e7411e39489da985",
        "version" : "1.2.0"
      }
    },
    {
      "identity" : "swift-collections",
      "kind" : "remoteSourceControl",
      "location" : "https://github.com/FluidGroup/swift-collections",
      "state" : {
        "revision" : "939cfd25234472b4dc91c3caeab304d15bca9a73",
        "version" : "1.1.0"
      }
    },
    {
      "identity" : "swift-concurrency-extras",
      "kind" : "remoteSourceControl",
      "location" : "https://github.com/pointfreeco/swift-concurrency-extras",
      "state" : {
        "revision" : "82a4ae7170d98d8538ec77238b7eb8e7199ef2e8",
        "version" : "1.3.1"
      }
    },
    {
      "identity" : "swift-concurrency-task-manager",
      "kind" : "remoteSourceControl",
      "location" : "https://github.com/VergeGroup/swift-concurrency-task-manager",
      "state" : {
        "revision" : "340cf14e0282977deeeb436605d1810ce4f4fbc9",
        "version" : "1.4.0"
      }
    },
    {
      "identity" : "swift-numerics",
      "kind" : "remoteSourceControl",
      "location" : "https://github.com/apple/swift-numerics.git",
      "state" : {
        "revision" : "0a5bc04095a675662cf24757cc0640aa2204253b",
        "version" : "1.0.2"
      }
    },
    {
      "identity" : "swift-package-manager-google-mobile-ads",
      "kind" : "remoteSourceControl",
      "location" : "https://github.com/googleads/swift-package-manager-google-mobile-ads.git",
      "state" : {
        "revision" : "7778cc1ab037c10dbbe026959e51e616bd961be9",
        "version" : "11.13.0"
      }
    },
    {
      "identity" : "swift-package-manager-google-user-messaging-platform",
      "kind" : "remoteSourceControl",
      "location" : "https://github.com/googleads/swift-package-manager-google-user-messaging-platform.git",
      "state" : {
        "revision" : "708a282840c2171ee63bd93b87afa49fe507d70e",
        "version" : "2.7.0"
      }
    },
    {
      "identity" : "swift-protobuf",
      "kind" : "remoteSourceControl",
      "location" : "https://github.com/apple/swift-protobuf.git",
      "state" : {
        "revision" : "ebc7251dd5b37f627c93698e4374084d98409633",
        "version" : "1.28.2"
      }
    },
    {
      "identity" : "swiftuix",
      "kind" : "remoteSourceControl",
      "location" : "https://github.com/EvanCooper9/SwiftUIX",
      "state" : {
        "branch" : "master",
        "revision" : "7000c5cccbe5cdde0a2d24dbe61b305290b73acb"
      }
    },
    {
      "identity" : "transitionpatch",
      "kind" : "remoteSourceControl",
      "location" : "https://github.com/FluidGroup/TransitionPatch.git",
      "state" : {
        "revision" : "88aac5305fe568ef62f73a3cf19f0b8392ffb52c",
        "version" : "1.0.5"
      }
    },
    {
      "identity" : "verge",
      "kind" : "remoteSourceControl",
      "location" : "https://github.com/VergeGroup/Verge.git",
      "state" : {
        "revision" : "23b6e92fbf88e72ce0546144fbc1dc455cb5d53d",
        "version" : "11.5.5"
      }
    },
    {
      "identity" : "xctest-dynamic-overlay",
      "kind" : "remoteSourceControl",
      "location" : "https://github.com/pointfreeco/xctest-dynamic-overlay",
      "state" : {
        "revision" : "a3f634d1a409c7979cabc0a71b3f26ffa9fc8af1",
        "version" : "1.4.3"
      }
    }
  ],
  "version" : 2
}
